
Microsoft Visual Studio Solution File, Format Version 12.00
# Visual Studio 15
VisualStudioVersion = 15.0.27130.2026
MinimumVisualStudioVersion = 10.0.40219.1
Project("{FAE04EC0-301F-11D3-BF4B-00C04F79EFBC}") = "Addon.ServiceManager", "Addon.ServiceManager\Addon.ServiceManager.csproj", "{70250D46-2B56-4A4E-8835-074DCE4FAF9D}"
EndProject
Project("{FAE04EC0-301F-11D3-BF4B-00C04F79EFBC}") = "Addon.ServiceManager.Tests", "Addon.ServiceManager.Tests\Addon.ServiceManager.Tests.csproj", "{A91CFF95-D988-494B-A815-7FEE7C66D7CD}"
EndProject
Global
	GlobalSection(SolutionConfigurationPlatforms) = preSolution
		Debug|Any CPU = Debug|Any CPU
		Release|Any CPU = Release|Any CPU
	EndGlobalSection
	GlobalSection(ProjectConfigurationPlatforms) = postSolution
		{70250D46-2B56-4A4E-8835-074DCE4FAF9D}.Debug|Any CPU.ActiveCfg = Debug|Any CPU
		{70250D46-2B56-4A4E-8835-074DCE4FAF9D}.Debug|Any CPU.Build.0 = Debug|Any CPU
		{70250D46-2B56-4A4E-8835-074DCE4FAF9D}.Release|Any CPU.ActiveCfg = Release|Any CPU
		{70250D46-2B56-4A4E-8835-074DCE4FAF9D}.Release|Any CPU.Build.0 = Release|Any CPU
		{A91CFF95-D988-494B-A815-7FEE7C66D7CD}.Debug|Any CPU.ActiveCfg = Debug|Any CPU
		{A91CFF95-D988-494B-A815-7FEE7C66D7CD}.Debug|Any CPU.Build.0 = Debug|Any CPU
		{A91CFF95-D988-494B-A815-7FEE7C66D7CD}.Release|Any CPU.ActiveCfg = Release|Any CPU
		{A91CFF95-D988-494B-A815-7FEE7C66D7CD}.Release|Any CPU.Build.0 = Release|Any CPU
	EndGlobalSection
	GlobalSection(SolutionProperties) = preSolution
		HideSolutionNode = FALSE
	EndGlobalSection
	GlobalSection(ExtensibilityGlobals) = postSolution
		SolutionGuid = {E2DEB10B-F718-4199-86CA-5249AB675A10}
	EndGlobalSection
EndGlobal
